
Microsoft Visual Studio Solution File, Format Version 12.00
# Visual Studio 2013
VisualStudioVersion = 12.0.31101.0
MinimumVisualStudioVersion = 10.0.40219.1
Project("{2150E333-8FDC-42A3-9474-1A3956D46DE8}") = ".nuget", ".nuget", "{F467A199-A211-4F01-915E-BD786CDB105F}"
	ProjectSection(SolutionItems) = preProject
		.nuget\NuGet.Config = .nuget\NuGet.Config
		.nuget\NuGet.exe = .nuget\NuGet.exe
		.nuget\NuGet.targets = .nuget\NuGet.targets
	EndProjectSection
EndProject
Project("{FAE04EC0-301F-11D3-BF4B-00C04F79EFBC}") = "Orek", "Orek\Orek.csproj", "{66F96BAD-59D6-4338-9D5E-6621B704316F}"
EndProject
Project("{2150E333-8FDC-42A3-9474-1A3956D46DE8}") = "Solution Items", "Solution Items", "{BBAE88BD-022E-4FDA-BF70-2D123693CB5A}"
	ProjectSection(SolutionItems) = preProject
		Design.vsdx = Design.vsdx
		README.md = README.md
	EndProjectSection
EndProject
Global
	GlobalSection(SolutionConfigurationPlatforms) = preSolution
		Debug|Any CPU = Debug|Any CPU
		Release|Any CPU = Release|Any CPU
	EndGlobalSection
	GlobalSection(ProjectConfigurationPlatforms) = postSolution
		{66F96BAD-59D6-4338-9D5E-6621B704316F}.Debug|Any CPU.ActiveCfg = Debug|Any CPU
		{66F96BAD-59D6-4338-9D5E-6621B704316F}.Debug|Any CPU.Build.0 = Debug|Any CPU
		{66F96BAD-59D6-4338-9D5E-6621B704316F}.Release|Any CPU.ActiveCfg = Release|Any CPU
		{66F96BAD-59D6-4338-9D5E-6621B704316F}.Release|Any CPU.Build.0 = Release|Any CPU
	EndGlobalSection
	GlobalSection(SolutionProperties) = preSolution
		HideSolutionNode = FALSE
	EndGlobalSection
EndGlobal
